
Microsoft Visual Studio Solution File, Format Version 12.00
Project("{FAE04EC0-301F-11D3-BF4B-00C04F79EFBC}") = "Hyperion.HungerGames.Core", "Hyperion.HungerGames.Core\Hyperion.HungerGames.Core.csproj", "{625B0109-B37B-4BD1-953D-D0AA8A54B081}"
EndProject
Global
	GlobalSection(SolutionConfigurationPlatforms) = preSolution
		Debug|Any CPU = Debug|Any CPU
		Release|Any CPU = Release|Any CPU
	EndGlobalSection
	GlobalSection(ProjectConfigurationPlatforms) = postSolution
		{625B0109-B37B-4BD1-953D-D0AA8A54B081}.Debug|Any CPU.ActiveCfg = Debug|Any CPU
		{625B0109-B37B-4BD1-953D-D0AA8A54B081}.Debug|Any CPU.Build.0 = Debug|Any CPU
		{625B0109-B37B-4BD1-953D-D0AA8A54B081}.Release|Any CPU.ActiveCfg = Release|Any CPU
		{625B0109-B37B-4BD1-953D-D0AA8A54B081}.Release|Any CPU.Build.0 = Release|Any CPU
	EndGlobalSection
EndGlobal
